
Microsoft Visual Studio Solution File, Format Version 12.00
# Visual Studio Version 16
VisualStudioVersion = 16.0.30611.23
MinimumVisualStudioVersion = 10.0.40219.1
Project("{FAE04EC0-301F-11D3-BF4B-00C04F79EFBC}") = "A_Star", "A_Star\A_Star.csproj", "{3C56CD56-23D3-404B-9FC4-567408902E8F}"
EndProject
Global
	GlobalSection(SolutionConfigurationPlatforms) = preSolution
		Debug|Any CPU = Debug|Any CPU
		Release|Any CPU = Release|Any CPU
	EndGlobalSection
	GlobalSection(ProjectConfigurationPlatforms) = postSolution
		{3C56CD56-23D3-404B-9FC4-567408902E8F}.Debug|Any CPU.ActiveCfg = Debug|Any CPU
		{3C56CD56-23D3-404B-9FC4-567408902E8F}.Debug|Any CPU.Build.0 = Debug|Any CPU
		{3C56CD56-23D3-404B-9FC4-567408902E8F}.Release|Any CPU.ActiveCfg = Release|Any CPU
		{3C56CD56-23D3-404B-9FC4-567408902E8F}.Release|Any CPU.Build.0 = Release|Any CPU
	EndGlobalSection
	GlobalSection(SolutionProperties) = preSolution
		HideSolutionNode = FALSE
	EndGlobalSection
	GlobalSection(ExtensibilityGlobals) = postSolution
		SolutionGuid = {A0DBDE0E-5AC7-4EAB-B318-2DCEB557E016}
	EndGlobalSection
EndGlobal
